{
  "name": "ccxt-gateio-examples",
  "requires": true,
  "lockfileVersion": 1,
  "dependencies": {
    "ccxt": {
      "version": "1.58.57",
      "resolved": "https://registry.npmjs.org/ccxt/-/ccxt-1.58.57.tgz",
      "integrity": "sha512-A40faR/f7sDZxY/dHK0eXyecXIx0kO8KkZVnrCD5SSt7QE/op3CXm/9k/BAuLyJZJedQLgFyWIwLRjLyyH8khQ=="
    }
  }
}
